
Microsoft Visual Studio Solution File, Format Version 12.00
# Visual Studio 15
VisualStudioVersion = 15.0.27428.2027
MinimumVisualStudioVersion = 10.0.40219.1
Project("{FAE04EC0-301F-11D3-BF4B-00C04F79EFBC}") = "TransponderReceiver.Unit.Test", "TransponderReceiver.Unit.Test\TransponderReceiver.Unit.Test.csproj", "{F41AFF5D-ADFE-4A50-9B8A-46981A6B7FF5}"
EndProject
Global
	GlobalSection(SolutionConfigurationPlatforms) = preSolution
		Debug|Any CPU = Debug|Any CPU
		Release|Any CPU = Release|Any CPU
	EndGlobalSection
	GlobalSection(ProjectConfigurationPlatforms) = postSolution
		{F41AFF5D-ADFE-4A50-9B8A-46981A6B7FF5}.Debug|Any CPU.ActiveCfg = Debug|Any CPU
		{F41AFF5D-ADFE-4A50-9B8A-46981A6B7FF5}.Debug|Any CPU.Build.0 = Debug|Any CPU
		{F41AFF5D-ADFE-4A50-9B8A-46981A6B7FF5}.Release|Any CPU.ActiveCfg = Release|Any CPU
		{F41AFF5D-ADFE-4A50-9B8A-46981A6B7FF5}.Release|Any CPU.Build.0 = Release|Any CPU
	EndGlobalSection
	GlobalSection(SolutionProperties) = preSolution
		HideSolutionNode = FALSE
	EndGlobalSection
	GlobalSection(ExtensibilityGlobals) = postSolution
		SolutionGuid = {D43FBF7E-D1D3-437D-B133-0C81A3E5CFEF}
	EndGlobalSection
EndGlobal
